
Microsoft Visual Studio Solution File, Format Version 12.00
# Visual Studio Version 17
VisualStudioVersion = 17.13.35931.197 d17.13
MinimumVisualStudioVersion = 10.0.40219.1
Project("{8BC9CEB8-8B4A-11D0-8D11-00A0C91BC942}") = "MT3_project6", "MT3_project6.vcxproj", "{397CBD8E-B81E-4E5C-A117-5DED329E433D}"
EndProject
Global
	GlobalSection(SolutionConfigurationPlatforms) = preSolution
		Debug|x64 = Debug|x64
		Release|x64 = Release|x64
	EndGlobalSection
	GlobalSection(ProjectConfigurationPlatforms) = postSolution
		{397CBD8E-B81E-4E5C-A117-5DED329E433D}.Debug|x64.ActiveCfg = Debug|x64
		{397CBD8E-B81E-4E5C-A117-5DED329E433D}.Debug|x64.Build.0 = Debug|x64
		{397CBD8E-B81E-4E5C-A117-5DED329E433D}.Release|x64.ActiveCfg = Release|x64
		{397CBD8E-B81E-4E5C-A117-5DED329E433D}.Release|x64.Build.0 = Release|x64
	EndGlobalSection
	GlobalSection(SolutionProperties) = preSolution
		HideSolutionNode = FALSE
	EndGlobalSection
	GlobalSection(ExtensibilityGlobals) = postSolution
		SolutionGuid = {45EB17B6-BDBA-4767-8E4A-A5AC31BE551C}
	EndGlobalSection
EndGlobal
